
Microsoft Visual Studio Solution File, Format Version 12.00
# Visual Studio Version 17
VisualStudioVersion = 17.5.002.0
MinimumVisualStudioVersion = 10.0.40219.1
Project("{9A19103F-16F7-4668-BE54-9A1E7A4F7556}") = "product.Api", "product.Api\product.Api.csproj", "{E1284070-3184-488E-A6DA-BAFEBFFE284A}"
EndProject
Global
	GlobalSection(SolutionConfigurationPlatforms) = preSolution
		Debug|Any CPU = Debug|Any CPU
		Release|Any CPU = Release|Any CPU
	EndGlobalSection
	GlobalSection(ProjectConfigurationPlatforms) = postSolution
		{E1284070-3184-488E-A6DA-BAFEBFFE284A}.Debug|Any CPU.ActiveCfg = Debug|Any CPU
		{E1284070-3184-488E-A6DA-BAFEBFFE284A}.Debug|Any CPU.Build.0 = Debug|Any CPU
		{E1284070-3184-488E-A6DA-BAFEBFFE284A}.Release|Any CPU.ActiveCfg = Release|Any CPU
		{E1284070-3184-488E-A6DA-BAFEBFFE284A}.Release|Any CPU.Build.0 = Release|Any CPU
	EndGlobalSection
	GlobalSection(SolutionProperties) = preSolution
		HideSolutionNode = FALSE
	EndGlobalSection
	GlobalSection(ExtensibilityGlobals) = postSolution
		SolutionGuid = {FE9722DF-2CDC-4C31-94F9-88E86F5B7BD4}
	EndGlobalSection
EndGlobal
